// !$*UTF8*$!
{
	archiveVersion = 1;
	classes = {
	};
	objectVersion = 56;
	objects = {

/* Begin PBXBuildFile section */
		A091AE6B2A03A23F003E7366 /* AppDelegate.swift in Sources */ = {isa = PBXBuildFile; fileRef = A091AE6A2A03A23F003E7366 /* AppDelegate.swift */; };
		A091AE6D2A03A23F003E7366 /* SceneDelegate.swift in Sources */ = {isa = PBXBuildFile; fileRef = A091AE6C2A03A23F003E7366 /* SceneDelegate.swift */; };
		A091AE6F2A03A23F003E7366 /* ViewController.swift in Sources */ = {isa = PBXBuildFile; fileRef = A091AE6E2A03A23F003E7366 /* ViewController.swift */; };
		A091AE722A03A23F003E7366 /* Main.storyboard in Resources */ = {isa = PBXBuildFile; fileRef = A091AE702A03A23F003E7366 /* Main.storyboard */; };
		A091AE752A03A23F003E7366 /* Widget.xcdatamodeld in Sources */ = {isa = PBXBuildFile; fileRef = A091AE732A03A23F003E7366 /* Widget.xcdatamodeld */; };
		A091AE772A03A23F003E7366 /* Assets.xcassets in Resources */ = {isa = PBXBuildFile; fileRef = A091AE762A03A23F003E7366 /* Assets.xcassets */; };
		A091AE7A2A03A23F003E7366 /* LaunchScreen.storyboard in Resources */ = {isa = PBXBuildFile; fileRef = A091AE782A03A23F003E7366 /* LaunchScreen.storyboard */; };
		A091AE892A03A2CD003E7366 /* WidgetKit.framework in Frameworks */ = {isa = PBXBuildFile; fileRef = A091AE882A03A2CD003E7366 /* WidgetKit.framework */; };
		A091AE8B2A03A2CD003E7366 /* SwiftUI.framework in Frameworks */ = {isa = PBXBuildFile; fileRef = A091AE8A2A03A2CD003E7366 /* SwiftUI.framework */; };
		A091AE8E2A03A2CD003E7366 /* WidgetExtensionBundle.swift in Sources */ = {isa = PBXBuildFile; fileRef = A091AE8D2A03A2CD003E7366 /* WidgetExtensionBundle.swift */; };
		A091AE902A03A2CD003E7366 /* WidgetExtensionLiveActivity.swift in Sources */ = {isa = PBXBuildFile; fileRef = A091AE8F2A03A2CD003E7366 /* WidgetExtensionLiveActivity.swift */; };
		A091AE922A03A2CD003E7366 /* WidgetExtension.swift in Sources */ = {isa = PBXBuildFile; fileRef = A091AE912A03A2CD003E7366 /* WidgetExtension.swift */; };
		A091AE952A03A2CE003E7366 /* Assets.xcassets in Resources */ = {isa = PBXBuildFile; fileRef = A091AE942A03A2CE003E7366 /* Assets.xcassets */; };
		A091AE972A03A2CE003E7366 /* WidgetExtension.intentdefinition in Sources */ = {isa = PBXBuildFile; fileRef = A091AE932A03A2CD003E7366 /* WidgetExtension.intentdefinition */; };
		A091AE982A03A2CE003E7366 /* WidgetExtension.intentdefinition in Sources */ = {isa = PBXBuildFile; fileRef = A091AE932A03A2CD003E7366 /* WidgetExtension.intentdefinition */; };
		A091AE9B2A03A2CE003E7366 /* WidgetExtensionExtension.appex in Embed Foundation Extensions */ = {isa = PBXBuildFile; fileRef = A091AE862A03A2CD003E7366 /* WidgetExtensionExtension.appex */; settings = {ATTRIBUTES = (RemoveHeadersOnCopy, ); }; };
		A091AEA22A03A691003E7366 /* Assets.xcassets in Resources */ = {isa = PBXBuildFile; fileRef = A091AEA12A03A691003E7366 /* Assets.xcassets */; };
		A091AEA32A03A691003E7366 /* Assets.xcassets in Resources */ = {isa = PBXBuildFile; fileRef = A091AEA12A03A691003E7366 /* Assets.xcassets */; };
		A091AEA62A03AD5E003E7366 /* AppSettings.swift in Sources */ = {isa = PBXBuildFile; fileRef = A091AEA52A03AD5E003E7366 /* AppSettings.swift */; };
		A091AEA72A03AD5E003E7366 /* AppSettings.swift in Sources */ = {isa = PBXBuildFile; fileRef = A091AEA52A03AD5E003E7366 /* AppSettings.swift */; };
		A091AEA82A03B2B7003E7366 /* Widget.xcdatamodeld in Sources */ = {isa = PBXBuildFile; fileRef = A091AE732A03A23F003E7366 /* Widget.xcdatamodeld */; };
		A091AEAA2A03C4DE003E7366 /* DataBase.swift in Sources */ = {isa = PBXBuildFile; fileRef = A091AEA92A03C4DE003E7366 /* DataBase.swift */; };
		A091AEAB2A03C4DE003E7366 /* DataBase.swift in Sources */ = {isa = PBXBuildFile; fileRef = A091AEA92A03C4DE003E7366 /* DataBase.swift */; };
		A091AEAD2A03C5E2003E7366 /* DataBase+Extensions.swift in Sources */ = {isa = PBXBuildFile; fileRef = A091AEAC2A03C5E2003E7366 /* DataBase+Extensions.swift */; };
		A091AEB02A0496D5003E7366 /* Record+CoreDataClass.swift in Sources */ = {isa = PBXBuildFile; fileRef = A091AEAE2A0496D5003E7366 /* Record+CoreDataClass.swift */; };
		A091AEB12A0496D5003E7366 /* Record+CoreDataClass.swift in Sources */ = {isa = PBXBuildFile; fileRef = A091AEAE2A0496D5003E7366 /* Record+CoreDataClass.swift */; };
		A091AEB22A0496D5003E7366 /* Record+CoreDataProperties.swift in Sources */ = {isa = PBXBuildFile; fileRef = A091AEAF2A0496D5003E7366 /* Record+CoreDataProperties.swift */; };
		A091AEB32A0496D5003E7366 /* Record+CoreDataProperties.swift in Sources */ = {isa = PBXBuildFile; fileRef = A091AEAF2A0496D5003E7366 /* Record+CoreDataProperties.swift */; };
		A091AEB52A049F22003E7366 /* Record+Extensions.swift in Sources */ = {isa = PBXBuildFile; fileRef = A091AEB42A049F22003E7366 /* Record+Extensions.swift */; };
		A091AEB62A049F22003E7366 /* Record+Extensions.swift in Sources */ = {isa = PBXBuildFile; fileRef = A091AEB42A049F22003E7366 /* Record+Extensions.swift */; };
		A091AEB82A04ACE2003E7366 /* EditViewController.swift in Sources */ = {isa = PBXBuildFile; fileRef = A091AEB72A04ACE2003E7366 /* EditViewController.swift */; };
		A091AEB92A04ACE2003E7366 /* EditViewController.swift in Sources */ = {isa = PBXBuildFile; fileRef = A091AEB72A04ACE2003E7366 /* EditViewController.swift */; };
		A091AEBB2A04C611003E7366 /* UIApplication+Extensions.swift in Sources */ = {isa = PBXBuildFile; fileRef = A091AEBA2A04C611003E7366 /* UIApplication+Extensions.swift */; };
/* End PBXBuildFile section */

/* Begin PBXContainerItemProxy section */
		A091AE992A03A2CE003E7366 /* PBXContainerItemProxy */ = {
			isa = PBXContainerItemProxy;
			containerPortal = A091AE5F2A03A23F003E7366 /* Project object */;
			proxyType = 1;
			remoteGlobalIDString = A091AE852A03A2CD003E7366;
			remoteInfo = WidgetExtensionExtension;
		};
/* End PBXContainerItemProxy section */

/* Begin PBXCopyFilesBuildPhase section */
		A091AE9F2A03A2CE003E7366 /* Embed Foundation Extensions */ = {
			isa = PBXCopyFilesBuildPhase;
			buildActionMask = 2147483647;
			dstPath = "";
			dstSubfolderSpec = 13;
			files = (
				A091AE9B2A03A2CE003E7366 /* WidgetExtensionExtension.appex in Embed Foundation Extensions */,
			);
			name = "Embed Foundation Extensions";
			runOnlyForDeploymentPostprocessing = 0;
		};
/* End PBXCopyFilesBuildPhase section */

/* Begin PBXFileReference section */
		A091AE672A03A23F003E7366 /* Widget.app */ = {isa = PBXFileReference; explicitFileType = wrapper.application; includeInIndex = 0; path = Widget.app; sourceTree = BUILT_PRODUCTS_DIR; };
		A091AE6A2A03A23F003E7366 /* AppDelegate.swift */ = {isa = PBXFileReference; lastKnownFileType = sourcecode.swift; path = AppDelegate.swift; sourceTree = "<group>"; };
		A091AE6C2A03A23F003E7366 /* SceneDelegate.swift */ = {isa = PBXFileReference; lastKnownFileType = sourcecode.swift; path = SceneDelegate.swift; sourceTree = "<group>"; };
		A091AE6E2A03A23F003E7366 /* ViewController.swift */ = {isa = PBXFileReference; lastKnownFileType = sourcecode.swift; path = ViewController.swift; sourceTree = "<group>"; };
		A091AE712A03A23F003E7366 /* Base */ = {isa = PBXFileReference; lastKnownFileType = file.storyboard; name = Base; path = Base.lproj/Main.storyboard; sourceTree = "<group>"; };
		A091AE742A03A23F003E7366 /* Widget.xcdatamodel */ = {isa = PBXFileReference; lastKnownFileType = wrapper.xcdatamodel; path = Widget.xcdatamodel; sourceTree = "<group>"; };
		A091AE762A03A23F003E7366 /* Assets.xcassets */ = {isa = PBXFileReference; lastKnownFileType = folder.assetcatalog; path = Assets.xcassets; sourceTree = "<group>"; };
		A091AE792A03A23F003E7366 /* Base */ = {isa = PBXFileReference; lastKnownFileType = file.storyboard; name = Base; path = Base.lproj/LaunchScreen.storyboard; sourceTree = "<group>"; };
		A091AE7B2A03A23F003E7366 /* Info.plist */ = {isa = PBXFileReference; lastKnownFileType = text.plist.xml; path = Info.plist; sourceTree = "<group>"; };
		A091AE812A03A277003E7366 /* Widget.entitlements */ = {isa = PBXFileReference; lastKnownFileType = text.plist.entitlements; path = Widget.entitlements; sourceTree = "<group>"; };
		A091AE862A03A2CD003E7366 /* WidgetExtensionExtension.appex */ = {isa = PBXFileReference; explicitFileType = "wrapper.app-extension"; includeInIndex = 0; path = WidgetExtensionExtension.appex; sourceTree = BUILT_PRODUCTS_DIR; };
		A091AE882A03A2CD003E7366 /* WidgetKit.framework */ = {isa = PBXFileReference; lastKnownFileType = wrapper.framework; name = WidgetKit.framework; path = System/Library/Frameworks/WidgetKit.framework; sourceTree = SDKROOT; };
		A091AE8A2A03A2CD003E7366 /* SwiftUI.framework */ = {isa = PBXFileReference; lastKnownFileType = wrapper.framework; name = SwiftUI.framework; path = System/Library/Frameworks/SwiftUI.framework; sourceTree = SDKROOT; };
		A091AE8D2A03A2CD003E7366 /* WidgetExtensionBundle.swift */ = {isa = PBXFileReference; lastKnownFileType = sourcecode.swift; path = WidgetExtensionBundle.swift; sourceTree = "<group>"; };
		A091AE8F2A03A2CD003E7366 /* WidgetExtensionLiveActivity.swift */ = {isa = PBXFileReference; lastKnownFileType = sourcecode.swift; path = WidgetExtensionLiveActivity.swift; sourceTree = "<group>"; };
		A091AE912A03A2CD003E7366 /* WidgetExtension.swift */ = {isa = PBXFileReference; lastKnownFileType = sourcecode.swift; path = WidgetExtension.swift; sourceTree = "<group>"; };
		A091AE932A03A2CD003E7366 /* WidgetExtension.intentdefinition */ = {isa = PBXFileReference; lastKnownFileType = file.intentdefinition; path = WidgetExtension.intentdefinition; sourceTree = "<group>"; };
		A091AE942A03A2CE003E7366 /* Assets.xcassets */ = {isa = PBXFileReference; lastKnownFileType = folder.assetcatalog; path = Assets.xcassets; sourceTree = "<group>"; };
		A091AE962A03A2CE003E7366 /* Info.plist */ = {isa = PBXFileReference; lastKnownFileType = text.plist.xml; path = Info.plist; sourceTree = "<group>"; };
		A091AEA12A03A691003E7366 /* Assets.xcassets */ = {isa = PBXFileReference; lastKnownFileType = folder.assetcatalog; path = Assets.xcassets; sourceTree = "<group>"; };
		A091AEA42A03AD2E003E7366 /* WidgetExtensionExtension.entitlements */ = {isa = PBXFileReference; lastKnownFileType = text.plist.entitlements; path = WidgetExtensionExtension.entitlements; sourceTree = "<group>"; };
		A091AEA52A03AD5E003E7366 /* AppSettings.swift */ = {isa = PBXFileReference; lastKnownFileType = sourcecode.swift; path = AppSettings.swift; sourceTree = "<group>"; };
		A091AEA92A03C4DE003E7366 /* DataBase.swift */ = {isa = PBXFileReference; lastKnownFileType = sourcecode.swift; path = DataBase.swift; sourceTree = "<group>"; };
		A091AEAC2A03C5E2003E7366 /* DataBase+Extensions.swift */ = {isa = PBXFileReference; lastKnownFileType = sourcecode.swift; path = "DataBase+Extensions.swift"; sourceTree = "<group>"; };
		A091AEAE2A0496D5003E7366 /* Record+CoreDataClass.swift */ = {isa = PBXFileReference; lastKnownFileType = sourcecode.swift; path = "Record+CoreDataClass.swift"; sourceTree = "<group>"; };
		A091AEAF2A0496D5003E7366 /* Record+CoreDataProperties.swift */ = {isa = PBXFileReference; lastKnownFileType = sourcecode.swift; path = "Record+CoreDataProperties.swift"; sourceTree = "<group>"; };
		A091AEB42A049F22003E7366 /* Record+Extensions.swift */ = {isa = PBXFileReference; lastKnownFileType = sourcecode.swift; path = "Record+Extensions.swift"; sourceTree = "<group>"; };
		A091AEB72A04ACE2003E7366 /* EditViewController.swift */ = {isa = PBXFileReference; lastKnownFileType = sourcecode.swift; path = EditViewController.swift; sourceTree = "<group>"; };
		A091AEBA2A04C611003E7366 /* UIApplication+Extensions.swift */ = {isa = PBXFileReference; lastKnownFileType = sourcecode.swift; path = "UIApplication+Extensions.swift"; sourceTree = "<group>"; };
/* End PBXFileReference section */

/* Begin PBXFrameworksBuildPhase section */
		A091AE642A03A23F003E7366 /* Frameworks */ = {
			isa = PBXFrameworksBuildPhase;
			buildActionMask = 2147483647;
			files = (
			);
			runOnlyForDeploymentPostprocessing = 0;
		};
		A091AE832A03A2CD003E7366 /* Frameworks */ = {
			isa = PBXFrameworksBuildPhase;
			buildActionMask = 2147483647;
			files = (
				A091AE8B2A03A2CD003E7366 /* SwiftUI.framework in Frameworks */,
				A091AE892A03A2CD003E7366 /* WidgetKit.framework in Frameworks */,
			);
			runOnlyForDeploymentPostprocessing = 0;
		};
/* End PBXFrameworksBuildPhase section */

/* Begin PBXGroup section */
		A091AE5E2A03A23F003E7366 = {
			isa = PBXGroup;
			children = (
				A091AEA42A03AD2E003E7366 /* WidgetExtensionExtension.entitlements */,
				A091AEA02A03A671003E7366 /* Common */,
				A091AE692A03A23F003E7366 /* Widget */,
				A091AE8C2A03A2CD003E7366 /* WidgetExtension */,
				A091AE872A03A2CD003E7366 /* Frameworks */,
				A091AE682A03A23F003E7366 /* Products */,
			);
			sourceTree = "<group>";
		};
		A091AE682A03A23F003E7366 /* Products */ = {
			isa = PBXGroup;
			children = (
				A091AE672A03A23F003E7366 /* Widget.app */,
				A091AE862A03A2CD003E7366 /* WidgetExtensionExtension.appex */,
			);
			name = Products;
			sourceTree = "<group>";
		};
		A091AE692A03A23F003E7366 /* Widget */ = {
			isa = PBXGroup;
			children = (
				A091AE812A03A277003E7366 /* Widget.entitlements */,
				A091AE6A2A03A23F003E7366 /* AppDelegate.swift */,
				A091AE6C2A03A23F003E7366 /* SceneDelegate.swift */,
				A091AE6E2A03A23F003E7366 /* ViewController.swift */,
				A091AEB72A04ACE2003E7366 /* EditViewController.swift */,
				A091AE702A03A23F003E7366 /* Main.storyboard */,
				A091AE762A03A23F003E7366 /* Assets.xcassets */,
				A091AE782A03A23F003E7366 /* LaunchScreen.storyboard */,
				A091AE7B2A03A23F003E7366 /* Info.plist */,
			);
			path = Widget;
			sourceTree = "<group>";
		};
		A091AE872A03A2CD003E7366 /* Frameworks */ = {
			isa = PBXGroup;
			children = (
				A091AE882A03A2CD003E7366 /* WidgetKit.framework */,
				A091AE8A2A03A2CD003E7366 /* SwiftUI.framework */,
			);
			name = Frameworks;
			sourceTree = "<group>";
		};
		A091AE8C2A03A2CD003E7366 /* WidgetExtension */ = {
			isa = PBXGroup;
			children = (
				A091AE8D2A03A2CD003E7366 /* WidgetExtensionBundle.swift */,
				A091AE8F2A03A2CD003E7366 /* WidgetExtensionLiveActivity.swift */,
				A091AE912A03A2CD003E7366 /* WidgetExtension.swift */,
				A091AE932A03A2CD003E7366 /* WidgetExtension.intentdefinition */,
				A091AE942A03A2CE003E7366 /* Assets.xcassets */,
				A091AE962A03A2CE003E7366 /* Info.plist */,
				A091AEAC2A03C5E2003E7366 /* DataBase+Extensions.swift */,
			);
			path = WidgetExtension;
			sourceTree = "<group>";
		};
		A091AEA02A03A671003E7366 /* Common */ = {
			isa = PBXGroup;
			children = (
				A091AEA12A03A691003E7366 /* Assets.xcassets */,
				A091AEA52A03AD5E003E7366 /* AppSettings.swift */,
				A091AEA92A03C4DE003E7366 /* DataBase.swift */,
				A091AEAE2A0496D5003E7366 /* Record+CoreDataClass.swift */,
				A091AEAF2A0496D5003E7366 /* Record+CoreDataProperties.swift */,
				A091AEB42A049F22003E7366 /* Record+Extensions.swift */,
				A091AE732A03A23F003E7366 /* Widget.xcdatamodeld */,
				A091AEBA2A04C611003E7366 /* UIApplication+Extensions.swift */,
			);
			path = Common;
			sourceTree = "<group>";
		};
/* End PBXGroup section */

/* Begin PBXNativeTarget section */
		A091AE662A03A23F003E7366 /* Widget */ = {
			isa = PBXNativeTarget;
			buildConfigurationList = A091AE7E2A03A23F003E7366 /* Build configuration list for PBXNativeTarget "Widget" */;
			buildPhases = (
				A091AE632A03A23F003E7366 /* Sources */,
				A091AE642A03A23F003E7366 /* Frameworks */,
				A091AE652A03A23F003E7366 /* Resources */,
				A091AE9F2A03A2CE003E7366 /* Embed Foundation Extensions */,
			);
			buildRules = (
			);
			dependencies = (
				A091AE9A2A03A2CE003E7366 /* PBXTargetDependency */,
			);
			name = Widget;
			productName = Widget;
			productReference = A091AE672A03A23F003E7366 /* Widget.app */;
			productType = "com.apple.product-type.application";
		};
		A091AE852A03A2CD003E7366 /* WidgetExtensionExtension */ = {
			isa = PBXNativeTarget;
			buildConfigurationList = A091AE9C2A03A2CE003E7366 /* Build configuration list for PBXNativeTarget "WidgetExtensionExtension" */;
			buildPhases = (
				A091AE822A03A2CD003E7366 /* Sources */,
				A091AE832A03A2CD003E7366 /* Frameworks */,
				A091AE842A03A2CD003E7366 /* Resources */,
			);
			buildRules = (
			);
			dependencies = (
			);
			name = WidgetExtensionExtension;
			productName = WidgetExtensionExtension;
			productReference = A091AE862A03A2CD003E7366 /* WidgetExtensionExtension.appex */;
			productType = "com.apple.product-type.app-extension";
		};
/* End PBXNativeTarget section */

/* Begin PBXProject section */
		A091AE5F2A03A23F003E7366 /* Project object */ = {
			isa = PBXProject;
			attributes = {
				BuildIndependentTargetsInParallel = 1;
				LastSwiftUpdateCheck = 1430;
				LastUpgradeCheck = 1430;
				TargetAttributes = {
					A091AE662A03A23F003E7366 = {
						CreatedOnToolsVersion = 14.3;
					};
					A091AE852A03A2CD003E7366 = {
						CreatedOnToolsVersion = 14.3;
					};
				};
			};
			buildConfigurationList = A091AE622A03A23F003E7366 /* Build configuration list for PBXProject "Widget" */;
			compatibilityVersion = "Xcode 14.0";
			developmentRegion = en;
			hasScannedForEncodings = 0;
			knownRegions = (
				en,
				Base,
			);
			mainGroup = A091AE5E2A03A23F003E7366;
			productRefGroup = A091AE682A03A23F003E7366 /* Products */;
			projectDirPath = "";
			projectRoot = "";
			targets = (
				A091AE662A03A23F003E7366 /* Widget */,
				A091AE852A03A2CD003E7366 /* WidgetExtensionExtension */,
			);
		};
/* End PBXProject section */

/* Begin PBXResourcesBuildPhase section */
		A091AE652A03A23F003E7366 /* Resources */ = {
			isa = PBXResourcesBuildPhase;
			buildActionMask = 2147483647;
			files = (
				A091AE7A2A03A23F003E7366 /* LaunchScreen.storyboard in Resources */,
				A091AE772A03A23F003E7366 /* Assets.xcassets in Resources */,
				A091AEA22A03A691003E7366 /* Assets.xcassets in Resources */,
				A091AE722A03A23F003E7366 /* Main.storyboard in Resources */,
			);
			runOnlyForDeploymentPostprocessing = 0;
		};
		A091AE842A03A2CD003E7366 /* Resources */ = {
			isa = PBXResourcesBuildPhase;
			buildActionMask = 2147483647;
			files = (
				A091AEA32A03A691003E7366 /* Assets.xcassets in Resources */,
				A091AE952A03A2CE003E7366 /* Assets.xcassets in Resources */,
			);
			runOnlyForDeploymentPostprocessing = 0;
		};
/* End PBXResourcesBuildPhase section */

/* Begin PBXSourcesBuildPhase section */
		A091AE632A03A23F003E7366 /* Sources */ = {
			isa = PBXSourcesBuildPhase;
			buildActionMask = 2147483647;
			files = (
				A091AEB02A0496D5003E7366 /* Record+CoreDataClass.swift in Sources */,
				A091AEB22A0496D5003E7366 /* Record+CoreDataProperties.swift in Sources */,
				A091AEBB2A04C611003E7366 /* UIApplication+Extensions.swift in Sources */,
				A091AEB52A049F22003E7366 /* Record+Extensions.swift in Sources */,
				A091AE6F2A03A23F003E7366 /* ViewController.swift in Sources */,
				A091AE6B2A03A23F003E7366 /* AppDelegate.swift in Sources */,
				A091AEA62A03AD5E003E7366 /* AppSettings.swift in Sources */,
				A091AE6D2A03A23F003E7366 /* SceneDelegate.swift in Sources */,
				A091AEAA2A03C4DE003E7366 /* DataBase.swift in Sources */,
				A091AE752A03A23F003E7366 /* Widget.xcdatamodeld in Sources */,
				A091AEB82A04ACE2003E7366 /* EditViewController.swift in Sources */,
				A091AE982A03A2CE003E7366 /* WidgetExtension.intentdefinition in Sources */,
			);
			runOnlyForDeploymentPostprocessing = 0;
		};
		A091AE822A03A2CD003E7366 /* Sources */ = {
			isa = PBXSourcesBuildPhase;
			buildActionMask = 2147483647;
			files = (
				A091AEB32A0496D5003E7366 /* Record+CoreDataProperties.swift in Sources */,
				A091AE972A03A2CE003E7366 /* WidgetExtension.intentdefinition in Sources */,
				A091AE902A03A2CD003E7366 /* WidgetExtensionLiveActivity.swift in Sources */,
				A091AEB62A049F22003E7366 /* Record+Extensions.swift in Sources */,
				A091AE8E2A03A2CD003E7366 /* WidgetExtensionBundle.swift in Sources */,
				A091AEB12A0496D5003E7366 /* Record+CoreDataClass.swift in Sources */,
				A091AEA72A03AD5E003E7366 /* AppSettings.swift in Sources */,
				A091AEAD2A03C5E2003E7366 /* DataBase+Extensions.swift in Sources */,
				A091AEB92A04ACE2003E7366 /* EditViewController.swift in Sources */,
				A091AEAB2A03C4DE003E7366 /* DataBase.swift in Sources */,
				A091AE922A03A2CD003E7366 /* WidgetExtension.swift in Sources */,
				A091AEA82A03B2B7003E7366 /* Widget.xcdatamodeld in Sources */,
			);
			runOnlyForDeploymentPostprocessing = 0;
		};
/* End PBXSourcesBuildPhase section */

/* Begin PBXTargetDependency section */
		A091AE9A2A03A2CE003E7366 /* PBXTargetDependency */ = {
			isa = PBXTargetDependency;
			target = A091AE852A03A2CD003E7366 /* WidgetExtensionExtension */;
			targetProxy = A091AE992A03A2CE003E7366 /* PBXContainerItemProxy */;
		};
/* End PBXTargetDependency section */

/* Begin PBXVariantGroup section */
		A091AE702A03A23F003E7366 /* Main.storyboard */ = {
			isa = PBXVariantGroup;
			children = (
				A091AE712A03A23F003E7366 /* Base */,
			);
			name = Main.storyboard;
			sourceTree = "<group>";
		};
		A091AE782A03A23F003E7366 /* LaunchScreen.storyboard */ = {
			isa = PBXVariantGroup;
			children = (
				A091AE792A03A23F003E7366 /* Base */,
			);
			name = LaunchScreen.storyboard;
			sourceTree = "<group>";
		};
/* End PBXVariantGroup section */

/* Begin XCBuildConfiguration section */
		A091AE7C2A03A23F003E7366 /* Debug */ = {
			isa = XCBuildConfiguration;
			buildSettings = {
				ALWAYS_SEARCH_USER_PATHS = NO;
				CLANG_ANALYZER_NONNULL = YES;
				CLANG_ANALYZER_NUMBER_OBJECT_CONVERSION = YES_AGGRESSIVE;
				CLANG_CXX_LANGUAGE_STANDARD = "gnu++20";
				CLANG_ENABLE_MODULES = YES;
				CLANG_ENABLE_OBJC_ARC = YES;
				CLANG_ENABLE_OBJC_WEAK = YES;
				CLANG_WARN_BLOCK_CAPTURE_AUTORELEASING = YES;
				CLANG_WARN_BOOL_CONVERSION = YES;
				CLANG_WARN_COMMA = YES;
				CLANG_WARN_CONSTANT_CONVERSION = YES;
				CLANG_WARN_DEPRECATED_OBJC_IMPLEMENTATIONS = YES;
				CLANG_WARN_DIRECT_OBJC_ISA_USAGE = YES_ERROR;
				CLANG_WARN_DOCUMENTATION_COMMENTS = YES;
				CLANG_WARN_EMPTY_BODY = YES;
				CLANG_WARN_ENUM_CONVERSION = YES;
				CLANG_WARN_INFINITE_RECURSION = YES;
				CLANG_WARN_INT_CONVERSION = YES;
				CLANG_WARN_NON_LITERAL_NULL_CONVERSION = YES;
				CLANG_WARN_OBJC_IMPLICIT_RETAIN_SELF = YES;
				CLANG_WARN_OBJC_LITERAL_CONVERSION = YES;
				CLANG_WARN_OBJC_ROOT_CLASS = YES_ERROR;
				CLANG_WARN_QUOTED_INCLUDE_IN_FRAMEWORK_HEADER = YES;
				CLANG_WARN_RANGE_LOOP_ANALYSIS = YES;
				CLANG_WARN_STRICT_PROTOTYPES = YES;
				CLANG_WARN_SUSPICIOUS_MOVE = YES;
				CLANG_WARN_UNGUARDED_AVAILABILITY = YES_AGGRESSIVE;
				CLANG_WARN_UNREACHABLE_CODE = YES;
				CLANG_WARN__DUPLICATE_METHOD_MATCH = YES;
				COPY_PHASE_STRIP = NO;
				DEBUG_INFORMATION_FORMAT = dwarf;
				ENABLE_STRICT_OBJC_MSGSEND = YES;
				ENABLE_TESTABILITY = YES;
				GCC_C_LANGUAGE_STANDARD = gnu11;
				GCC_DYNAMIC_NO_PIC = NO;
				GCC_NO_COMMON_BLOCKS = YES;
				GCC_OPTIMIZATION_LEVEL = 0;
				GCC_PREPROCESSOR_DEFINITIONS = (
					"DEBUG=1",
					"$(inherited)",
				);
				GCC_WARN_64_TO_32_BIT_CONVERSION = YES;
				GCC_WARN_ABOUT_RETURN_TYPE = YES_ERROR;
				GCC_WARN_UNDECLARED_SELECTOR = YES;
				GCC_WARN_UNINITIALIZED_AUTOS = YES_AGGRESSIVE;
				GCC_WARN_UNUSED_FUNCTION = YES;
				GCC_WARN_UNUSED_VARIABLE = YES;
				IPHONEOS_DEPLOYMENT_TARGET = 16.4;
				MTL_ENABLE_DEBUG_INFO = INCLUDE_SOURCE;
				MTL_FAST_MATH = YES;
				ONLY_ACTIVE_ARCH = YES;
				SDKROOT = iphoneos;
				SWIFT_ACTIVE_COMPILATION_CONDITIONS = DEBUG;
				SWIFT_OPTIMIZATION_LEVEL = "-Onone";
			};
			name = Debug;
		};
		A091AE7D2A03A23F003E7366 /* Release */ = {
			isa = XCBuildConfiguration;
			buildSettings = {
				ALWAYS_SEARCH_USER_PATHS = NO;
				CLANG_ANALYZER_NONNULL = YES;
				CLANG_ANALYZER_NUMBER_OBJECT_CONVERSION = YES_AGGRESSIVE;
				CLANG_CXX_LANGUAGE_STANDARD = "gnu++20";
				CLANG_ENABLE_MODULES = YES;
				CLANG_ENABLE_OBJC_ARC = YES;
				CLANG_ENABLE_OBJC_WEAK = YES;
				CLANG_WARN_BLOCK_CAPTURE_AUTORELEASING = YES;
				CLANG_WARN_BOOL_CONVERSION = YES;
				CLANG_WARN_COMMA = YES;
				CLANG_WARN_CONSTANT_CONVERSION = YES;
				CLANG_WARN_DEPRECATED_OBJC_IMPLEMENTATIONS = YES;
				CLANG_WARN_DIRECT_OBJC_ISA_USAGE = YES_ERROR;
				CLANG_WARN_DOCUMENTATION_COMMENTS = YES;
				CLANG_WARN_EMPTY_BODY = YES;
				CLANG_WARN_ENUM_CONVERSION = YES;
				CLANG_WARN_INFINITE_RECURSION = YES;
				CLANG_WARN_INT_CONVERSION = YES;
				CLANG_WARN_NON_LITERAL_NULL_CONVERSION = YES;
				CLANG_WARN_OBJC_IMPLICIT_RETAIN_SELF = YES;
				CLANG_WARN_OBJC_LITERAL_CONVERSION = YES;
				CLANG_WARN_OBJC_ROOT_CLASS = YES_ERROR;
				CLANG_WARN_QUOTED_INCLUDE_IN_FRAMEWORK_HEADER = YES;
				CLANG_WARN_RANGE_LOOP_ANALYSIS = YES;
				CLANG_WARN_STRICT_PROTOTYPES = YES;
				CLANG_WARN_SUSPICIOUS_MOVE = YES;
				CLANG_WARN_UNGUARDED_AVAILABILITY = YES_AGGRESSIVE;
				CLANG_WARN_UNREACHABLE_CODE = YES;
				CLANG_WARN__DUPLICATE_METHOD_MATCH = YES;
				COPY_PHASE_STRIP = NO;
				DEBUG_INFORMATION_FORMAT = "dwarf-with-dsym";
				ENABLE_NS_ASSERTIONS = NO;
				ENABLE_STRICT_OBJC_MSGSEND = YES;
				GCC_C_LANGUAGE_STANDARD = gnu11;
				GCC_NO_COMMON_BLOCKS = YES;
				GCC_WARN_64_TO_32_BIT_CONVERSION = YES;
				GCC_WARN_ABOUT_RETURN_TYPE = YES_ERROR;
				GCC_WARN_UNDECLARED_SELECTOR = YES;
				GCC_WARN_UNINITIALIZED_AUTOS = YES_AGGRESSIVE;
				GCC_WARN_UNUSED_FUNCTION = YES;
				GCC_WARN_UNUSED_VARIABLE = YES;
				IPHONEOS_DEPLOYMENT_TARGET = 16.4;
				MTL_ENABLE_DEBUG_INFO = NO;
				MTL_FAST_MATH = YES;
				SDKROOT = iphoneos;
				SWIFT_COMPILATION_MODE = wholemodule;
				SWIFT_OPTIMIZATION_LEVEL = "-O";
				VALIDATE_PRODUCT = YES;
			};
			name = Release;
		};
		A091AE7F2A03A23F003E7366 /* Debug */ = {
			isa = XCBuildConfiguration;
			buildSettings = {
				ALWAYS_EMBED_SWIFT_STANDARD_LIBRARIES = YES;
				ASSETCATALOG_COMPILER_APPICON_NAME = AppIcon;
				ASSETCATALOG_COMPILER_GLOBAL_ACCENT_COLOR_NAME = AccentColor;
				CODE_SIGN_ENTITLEMENTS = Widget/Widget.entitlements;
				CODE_SIGN_STYLE = Automatic;
				CURRENT_PROJECT_VERSION = 1;
				DEVELOPMENT_TEAM = 93KUUP9B5K;
				GENERATE_INFOPLIST_FILE = YES;
				INFOPLIST_FILE = Widget/Info.plist;
				INFOPLIST_KEY_UIApplicationSupportsIndirectInputEvents = YES;
				INFOPLIST_KEY_UILaunchStoryboardName = LaunchScreen;
				INFOPLIST_KEY_UIMainStoryboardFile = Main;
				INFOPLIST_KEY_UISupportedInterfaceOrientations_iPad = "UIInterfaceOrientationPortrait UIInterfaceOrientationPortraitUpsideDown UIInterfaceOrientationLandscapeLeft UIInterfaceOrientationLandscapeRight";
				INFOPLIST_KEY_UISupportedInterfaceOrientations_iPhone = "UIInterfaceOrientationPortrait UIInterfaceOrientationLandscapeLeft UIInterfaceOrientationLandscapeRight";
				IPHONEOS_DEPLOYMENT_TARGET = 15.0;
				LD_RUNPATH_SEARCH_PATHS = (
					"$(inherited)",
					"@executable_path/Frameworks",
				);
				MARKETING_VERSION = 1.0;
				PRODUCT_BUNDLE_IDENTIFIER = com.sina.mail.SMPhotoPicker1;
				PRODUCT_NAME = "$(TARGET_NAME)";
				SWIFT_EMIT_LOC_STRINGS = YES;
				SWIFT_VERSION = 5.0;
				TARGETED_DEVICE_FAMILY = "1,2";
			};
			name = Debug;
		};
		A091AE802A03A23F003E7366 /* Release */ = {
			isa = XCBuildConfiguration;
			buildSettings = {
				ALWAYS_EMBED_SWIFT_STANDARD_LIBRARIES = YES;
				ASSETCATALOG_COMPILER_APPICON_NAME = AppIcon;
				ASSETCATALOG_COMPILER_GLOBAL_ACCENT_COLOR_NAME = AccentColor;
				CODE_SIGN_ENTITLEMENTS = Widget/Widget.entitlements;
				CODE_SIGN_STYLE = Automatic;
				CURRENT_PROJECT_VERSION = 1;
				DEVELOPMENT_TEAM = 93KUUP9B5K;
				GENERATE_INFOPLIST_FILE = YES;
				INFOPLIST_FILE = Widget/Info.plist;
				INFOPLIST_KEY_UIApplicationSupportsIndirectInputEvents = YES;
				INFOPLIST_KEY_UILaunchStoryboardName = LaunchScreen;
				INFOPLIST_KEY_UIMainStoryboardFile = Main;
				INFOPLIST_KEY_UISupportedInterfaceOrientations_iPad = "UIInterfaceOrientationPortrait UIInterfaceOrientationPortraitUpsideDown UIInterfaceOrientationLandscapeLeft UIInterfaceOrientationLandscapeRight";
				INFOPLIST_KEY_UISupportedInterfaceOrientations_iPhone = "UIInterfaceOrientationPortrait UIInterfaceOrientationLandscapeLeft UIInterfaceOrientationLandscapeRight";
				IPHONEOS_DEPLOYMENT_TARGET = 15.0;
				LD_RUNPATH_SEARCH_PATHS = (
					"$(inherited)",
					"@executable_path/Frameworks",
				);
				MARKETING_VERSION = 1.0;
				PRODUCT_BUNDLE_IDENTIFIER = com.sina.mail.SMPhotoPicker1;
				PRODUCT_NAME = "$(TARGET_NAME)";
				SWIFT_EMIT_LOC_STRINGS = YES;
				SWIFT_VERSION = 5.0;
				TARGETED_DEVICE_FAMILY = "1,2";
			};
			name = Release;
		};
		A091AE9D2A03A2CE003E7366 /* Debug */ = {
			isa = XCBuildConfiguration;
			buildSettings = {
				ASSETCATALOG_COMPILER_GLOBAL_ACCENT_COLOR_NAME = AccentColor;
				ASSETCATALOG_COMPILER_WIDGET_BACKGROUND_COLOR_NAME = WidgetBackground;
				CODE_SIGN_ENTITLEMENTS = WidgetExtensionExtension.entitlements;
				CODE_SIGN_STYLE = Automatic;
				CURRENT_PROJECT_VERSION = 1;
				DEVELOPMENT_TEAM = 93KUUP9B5K;
				GENERATE_INFOPLIST_FILE = YES;
				INFOPLIST_FILE = WidgetExtension/Info.plist;
				INFOPLIST_KEY_CFBundleDisplayName = WidgetExtension;
				INFOPLIST_KEY_NSHumanReadableCopyright = "";
				LD_RUNPATH_SEARCH_PATHS = (
					"$(inherited)",
					"@executable_path/Frameworks",
					"@executable_path/../../Frameworks",
				);
				MARKETING_VERSION = 1.0;
				PRODUCT_BUNDLE_IDENTIFIER = com.sina.mail.SMPhotoPicker1.WidgetExtension;
				PRODUCT_NAME = "$(TARGET_NAME)";
				SKIP_INSTALL = YES;
				SWIFT_EMIT_LOC_STRINGS = YES;
				SWIFT_VERSION = 5.0;
				TARGETED_DEVICE_FAMILY = "1,2";
			};
			name = Debug;
		};
		A091AE9E2A03A2CE003E7366 /* Release */ = {
			isa = XCBuildConfiguration;
			buildSettings = {
				ASSETCATALOG_COMPILER_GLOBAL_ACCENT_COLOR_NAME = AccentColor;
				ASSETCATALOG_COMPILER_WIDGET_BACKGROUND_COLOR_NAME = WidgetBackground;
				CODE_SIGN_ENTITLEMENTS = WidgetExtensionExtension.entitlements;
				CODE_SIGN_STYLE = Automatic;
				CURRENT_PROJECT_VERSION = 1;
				DEVELOPMENT_TEAM = 93KUUP9B5K;
				GENERATE_INFOPLIST_FILE = YES;
				INFOPLIST_FILE = WidgetExtension/Info.plist;
				INFOPLIST_KEY_CFBundleDisplayName = WidgetExtension;
				INFOPLIST_KEY_NSHumanReadableCopyright = "";
				LD_RUNPATH_SEARCH_PATHS = (
					"$(inherited)",
					"@executable_path/Frameworks",
					"@executable_path/../../Frameworks",
				);
				MARKETING_VERSION = 1.0;
				PRODUCT_BUNDLE_IDENTIFIER = com.sina.mail.SMPhotoPicker1.WidgetExtension;
				PRODUCT_NAME = "$(TARGET_NAME)";
				SKIP_INSTALL = YES;
				SWIFT_EMIT_LOC_STRINGS = YES;
				SWIFT_VERSION = 5.0;
				TARGETED_DEVICE_FAMILY = "1,2";
			};
			name = Release;
		};
/* End XCBuildConfiguration section */

/* Begin XCConfigurationList section */
		A091AE622A03A23F003E7366 /* Build configuration list for PBXProject "Widget" */ = {
			isa = XCConfigurationList;
			buildConfigurations = (
				A091AE7C2A03A23F003E7366 /* Debug */,
				A091AE7D2A03A23F003E7366 /* Release */,
			);
			defaultConfigurationIsVisible = 0;
			defaultConfigurationName = Release;
		};
		A091AE7E2A03A23F003E7366 /* Build configuration list for PBXNativeTarget "Widget" */ = {
			isa = XCConfigurationList;
			buildConfigurations = (
				A091AE7F2A03A23F003E7366 /* Debug */,
				A091AE802A03A23F003E7366 /* Release */,
			);
			defaultConfigurationIsVisible = 0;
			defaultConfigurationName = Release;
		};
		A091AE9C2A03A2CE003E7366 /* Build configuration list for PBXNativeTarget "WidgetExtensionExtension" */ = {
			isa = XCConfigurationList;
			buildConfigurations = (
				A091AE9D2A03A2CE003E7366 /* Debug */,
				A091AE9E2A03A2CE003E7366 /* Release */,
			);
			defaultConfigurationIsVisible = 0;
			defaultConfigurationName = Release;
		};
/* End XCConfigurationList section */

/* Begin XCVersionGroup section */
		A091AE732A03A23F003E7366 /* Widget.xcdatamodeld */ = {
			isa = XCVersionGroup;
			children = (
				A091AE742A03A23F003E7366 /* Widget.xcdatamodel */,
			);
			currentVersion = A091AE742A03A23F003E7366 /* Widget.xcdatamodel */;
			path = Widget.xcdatamodeld;
			sourceTree = "<group>";
			versionGroupType = wrapper.xcdatamodel;
		};
/* End XCVersionGroup section */
	};
	rootObject = A091AE5F2A03A23F003E7366 /* Project object */;
}
